
Microsoft Visual Studio Solution File, Format Version 12.00
# Visual Studio 2013
VisualStudioVersion = 12.0.31101.0
MinimumVisualStudioVersion = 10.0.40219.1
Project("{FAE04EC0-301F-11D3-BF4B-00C04F79EFBC}") = "Problem 01. Decimal to binary", "Problem 01. Decimal to binary\Problem 01. Decimal to binary.csproj", "{00A7147F-02E9-4312-A917-601748709878}"
EndProject
Project("{FAE04EC0-301F-11D3-BF4B-00C04F79EFBC}") = "Problem 02. Binary to decimal", "Problem 02. Binary to decimal\Problem 02. Binary to decimal.csproj", "{6395B40D-9A93-4032-B7CA-ED18256C470F}"
EndProject
Project("{FAE04EC0-301F-11D3-BF4B-00C04F79EFBC}") = "Problem 03. Decimal to hexadecimal", "Problem 03. Decimal to hexadecimal\Problem 03. Decimal to hexadecimal.csproj", "{55E12CDF-BAAB-4C1A-BEA2-53D785C70580}"
EndProject
Project("{FAE04EC0-301F-11D3-BF4B-00C04F79EFBC}") = "Problem 04. Hexadecimal to decimal", "Problem 04. Hexadecimal to decimal\Problem 04. Hexadecimal to decimal.csproj", "{7174C513-A18B-4857-92AB-8744FD8AEC89}"
EndProject
Project("{FAE04EC0-301F-11D3-BF4B-00C04F79EFBC}") = "Problem 05. Hexadecimal to binary", "Problem 05. Hexadecimal to binary\Problem 05. Hexadecimal to binary.csproj", "{D2E9C837-7655-4738-900E-BB229FBF87AC}"
EndProject
Project("{FAE04EC0-301F-11D3-BF4B-00C04F79EFBC}") = "Problem 06. Binary to hexadecimal", "Problem 06. Binary to hexadecimal\Problem 06. Binary to hexadecimal.csproj", "{0F592CA6-252D-4446-A40E-2291E0ABA5AF}"
EndProject
Project("{FAE04EC0-301F-11D3-BF4B-00C04F79EFBC}") = "Problem 07. One system to any other", "Problem 07. One system to any other\Problem 07. One system to any other.csproj", "{65C775D4-DF2C-42D6-AC23-4356F0A336F2}"
EndProject
Project("{FAE04EC0-301F-11D3-BF4B-00C04F79EFBC}") = "Problem 08. Binary short", "Problem 08. Binary short\Problem 08. Binary short.csproj", "{EB864CAA-F566-4454-893C-6CAE09A5B6B1}"
EndProject
Project("{FAE04EC0-301F-11D3-BF4B-00C04F79EFBC}") = "Q_Excersise Decimal to Base", "Excersise Decimal to Base\Q_Excersise Decimal to Base.csproj", "{9E9CEE9E-1A66-464D-8570-03BA0649DE76}"
EndProject
Project("{FAE04EC0-301F-11D3-BF4B-00C04F79EFBC}") = "Q_Excersise Base to Decimal", "Excersise Base to Decimal\Q_Excersise Base to Decimal.csproj", "{2EF84490-2243-499D-B257-C1B775B19174}"
EndProject
Global
	GlobalSection(SolutionConfigurationPlatforms) = preSolution
		Debug|Any CPU = Debug|Any CPU
		Release|Any CPU = Release|Any CPU
	EndGlobalSection
	GlobalSection(ProjectConfigurationPlatforms) = postSolution
		{00A7147F-02E9-4312-A917-601748709878}.Debug|Any CPU.ActiveCfg = Debug|Any CPU
		{00A7147F-02E9-4312-A917-601748709878}.Debug|Any CPU.Build.0 = Debug|Any CPU
		{00A7147F-02E9-4312-A917-601748709878}.Release|Any CPU.ActiveCfg = Release|Any CPU
		{00A7147F-02E9-4312-A917-601748709878}.Release|Any CPU.Build.0 = Release|Any CPU
		{6395B40D-9A93-4032-B7CA-ED18256C470F}.Debug|Any CPU.ActiveCfg = Debug|Any CPU
		{6395B40D-9A93-4032-B7CA-ED18256C470F}.Debug|Any CPU.Build.0 = Debug|Any CPU
		{6395B40D-9A93-4032-B7CA-ED18256C470F}.Release|Any CPU.ActiveCfg = Release|Any CPU
		{6395B40D-9A93-4032-B7CA-ED18256C470F}.Release|Any CPU.Build.0 = Release|Any CPU
		{55E12CDF-BAAB-4C1A-BEA2-53D785C70580}.Debug|Any CPU.ActiveCfg = Debug|Any CPU
		{55E12CDF-BAAB-4C1A-BEA2-53D785C70580}.Debug|Any CPU.Build.0 = Debug|Any CPU
		{55E12CDF-BAAB-4C1A-BEA2-53D785C70580}.Release|Any CPU.ActiveCfg = Release|Any CPU
		{55E12CDF-BAAB-4C1A-BEA2-53D785C70580}.Release|Any CPU.Build.0 = Release|Any CPU
		{7174C513-A18B-4857-92AB-8744FD8AEC89}.Debug|Any CPU.ActiveCfg = Debug|Any CPU
		{7174C513-A18B-4857-92AB-8744FD8AEC89}.Debug|Any CPU.Build.0 = Debug|Any CPU
		{7174C513-A18B-4857-92AB-8744FD8AEC89}.Release|Any CPU.ActiveCfg = Release|Any CPU
		{7174C513-A18B-4857-92AB-8744FD8AEC89}.Release|Any CPU.Build.0 = Release|Any CPU
		{D2E9C837-7655-4738-900E-BB229FBF87AC}.Debug|Any CPU.ActiveCfg = Debug|Any CPU
		{D2E9C837-7655-4738-900E-BB229FBF87AC}.Debug|Any CPU.Build.0 = Debug|Any CPU
		{D2E9C837-7655-4738-900E-BB229FBF87AC}.Release|Any CPU.ActiveCfg = Release|Any CPU
		{D2E9C837-7655-4738-900E-BB229FBF87AC}.Release|Any CPU.Build.0 = Release|Any CPU
		{0F592CA6-252D-4446-A40E-2291E0ABA5AF}.Debug|Any CPU.ActiveCfg = Debug|Any CPU
		{0F592CA6-252D-4446-A40E-2291E0ABA5AF}.Debug|Any CPU.Build.0 = Debug|Any CPU
		{0F592CA6-252D-4446-A40E-2291E0ABA5AF}.Release|Any CPU.ActiveCfg = Release|Any CPU
		{0F592CA6-252D-4446-A40E-2291E0ABA5AF}.Release|Any CPU.Build.0 = Release|Any CPU
		{65C775D4-DF2C-42D6-AC23-4356F0A336F2}.Debug|Any CPU.ActiveCfg = Debug|Any CPU
		{65C775D4-DF2C-42D6-AC23-4356F0A336F2}.Debug|Any CPU.Build.0 = Debug|Any CPU
		{65C775D4-DF2C-42D6-AC23-4356F0A336F2}.Release|Any CPU.ActiveCfg = Release|Any CPU
		{65C775D4-DF2C-42D6-AC23-4356F0A336F2}.Release|Any CPU.Build.0 = Release|Any CPU
		{EB864CAA-F566-4454-893C-6CAE09A5B6B1}.Debug|Any CPU.ActiveCfg = Debug|Any CPU
		{EB864CAA-F566-4454-893C-6CAE09A5B6B1}.Debug|Any CPU.Build.0 = Debug|Any CPU
		{EB864CAA-F566-4454-893C-6CAE09A5B6B1}.Release|Any CPU.ActiveCfg = Release|Any CPU
		{EB864CAA-F566-4454-893C-6CAE09A5B6B1}.Release|Any CPU.Build.0 = Release|Any CPU
		{9E9CEE9E-1A66-464D-8570-03BA0649DE76}.Debug|Any CPU.ActiveCfg = Debug|Any CPU
		{9E9CEE9E-1A66-464D-8570-03BA0649DE76}.Debug|Any CPU.Build.0 = Debug|Any CPU
		{9E9CEE9E-1A66-464D-8570-03BA0649DE76}.Release|Any CPU.ActiveCfg = Release|Any CPU
		{9E9CEE9E-1A66-464D-8570-03BA0649DE76}.Release|Any CPU.Build.0 = Release|Any CPU
		{2EF84490-2243-499D-B257-C1B775B19174}.Debug|Any CPU.ActiveCfg = Debug|Any CPU
		{2EF84490-2243-499D-B257-C1B775B19174}.Debug|Any CPU.Build.0 = Debug|Any CPU
		{2EF84490-2243-499D-B257-C1B775B19174}.Release|Any CPU.ActiveCfg = Release|Any CPU
		{2EF84490-2243-499D-B257-C1B775B19174}.Release|Any CPU.Build.0 = Release|Any CPU
	EndGlobalSection
	GlobalSection(SolutionProperties) = preSolution
		HideSolutionNode = FALSE
	EndGlobalSection
EndGlobal
